
Microsoft Visual Studio Solution File, Format Version 12.00
# Visual Studio Version 17
VisualStudioVersion = 17.14.36401.2 d17.14
MinimumVisualStudioVersion = 10.0.40219.1
Project("{FAE04EC0-301F-11D3-BF4B-00C04F79EFBC}") = "BillingEngine.API", "BillingEngine.API\BillingEngine.API.csproj", "{E05829F9-7A59-4E65-B135-630134ED3BBA}"
EndProject
Project("{FAE04EC0-301F-11D3-BF4B-00C04F79EFBC}") = "FinancialModule.Contracts", "FinancialModule.Contracts\FinancialModule.Contracts.csproj", "{9B267A8A-8AAD-4DDE-80B0-29CD411B9E3C}"
EndProject
Project("{FAE04EC0-301F-11D3-BF4B-00C04F79EFBC}") = "FinancialModule.Core", "FinancialModule.Core\FinancialModule.Core.csproj", "{EF52B57F-983B-4B37-8801-16A72857CDC6}"
EndProject
Project("{FAE04EC0-301F-11D3-BF4B-00C04F79EFBC}") = "FinancialModule.Infrastructure", "FinancialModule.Infrastructure\FinancialModule.Infrastructure.csproj", "{C751C5BD-1676-4D98-8963-3CA090CA4DFC}"
EndProject
Project("{FAE04EC0-301F-11D3-BF4B-00C04F79EFBC}") = "FinancialModule.Presentation", "FinancialModule.Presentation\FinancialModule.Presentation.csproj", "{3A72B8A9-0B5B-4C92-87E7-EE30D4B035DC}"
EndProject
Global
	GlobalSection(SolutionConfigurationPlatforms) = preSolution
		Debug|Any CPU = Debug|Any CPU
		Release|Any CPU = Release|Any CPU
	EndGlobalSection
	GlobalSection(ProjectConfigurationPlatforms) = postSolution
		{E05829F9-7A59-4E65-B135-630134ED3BBA}.Debug|Any CPU.ActiveCfg = Debug|Any CPU
		{E05829F9-7A59-4E65-B135-630134ED3BBA}.Debug|Any CPU.Build.0 = Debug|Any CPU
		{E05829F9-7A59-4E65-B135-630134ED3BBA}.Release|Any CPU.ActiveCfg = Release|Any CPU
		{E05829F9-7A59-4E65-B135-630134ED3BBA}.Release|Any CPU.Build.0 = Release|Any CPU
		{9B267A8A-8AAD-4DDE-80B0-29CD411B9E3C}.Debug|Any CPU.ActiveCfg = Debug|Any CPU
		{9B267A8A-8AAD-4DDE-80B0-29CD411B9E3C}.Debug|Any CPU.Build.0 = Debug|Any CPU
		{9B267A8A-8AAD-4DDE-80B0-29CD411B9E3C}.Release|Any CPU.ActiveCfg = Release|Any CPU
		{9B267A8A-8AAD-4DDE-80B0-29CD411B9E3C}.Release|Any CPU.Build.0 = Release|Any CPU
		{EF52B57F-983B-4B37-8801-16A72857CDC6}.Debug|Any CPU.ActiveCfg = Debug|Any CPU
		{EF52B57F-983B-4B37-8801-16A72857CDC6}.Debug|Any CPU.Build.0 = Debug|Any CPU
		{EF52B57F-983B-4B37-8801-16A72857CDC6}.Release|Any CPU.ActiveCfg = Release|Any CPU
		{EF52B57F-983B-4B37-8801-16A72857CDC6}.Release|Any CPU.Build.0 = Release|Any CPU
		{C751C5BD-1676-4D98-8963-3CA090CA4DFC}.Debug|Any CPU.ActiveCfg = Debug|Any CPU
		{C751C5BD-1676-4D98-8963-3CA090CA4DFC}.Debug|Any CPU.Build.0 = Debug|Any CPU
		{C751C5BD-1676-4D98-8963-3CA090CA4DFC}.Release|Any CPU.ActiveCfg = Release|Any CPU
		{C751C5BD-1676-4D98-8963-3CA090CA4DFC}.Release|Any CPU.Build.0 = Release|Any CPU
		{3A72B8A9-0B5B-4C92-87E7-EE30D4B035DC}.Debug|Any CPU.ActiveCfg = Debug|Any CPU
		{3A72B8A9-0B5B-4C92-87E7-EE30D4B035DC}.Debug|Any CPU.Build.0 = Debug|Any CPU
		{3A72B8A9-0B5B-4C92-87E7-EE30D4B035DC}.Release|Any CPU.ActiveCfg = Release|Any CPU
		{3A72B8A9-0B5B-4C92-87E7-EE30D4B035DC}.Release|Any CPU.Build.0 = Release|Any CPU
	EndGlobalSection
	GlobalSection(SolutionProperties) = preSolution
		HideSolutionNode = FALSE
	EndGlobalSection
	GlobalSection(ExtensibilityGlobals) = postSolution
		SolutionGuid = {E417B5EF-5851-47A8-BB0A-1E3466F74BCE}
	EndGlobalSection
EndGlobal
